
Microsoft Visual Studio Solution File, Format Version 12.00
# Visual Studio Version 16
VisualStudioVersion = 16.0.33027.164
MinimumVisualStudioVersion = 10.0.40219.1
Project("{FAE04EC0-301F-11D3-BF4B-00C04F79EFBC}") = "SOAPCliente", "SOAPCliente\SOAPCliente.csproj", "{9E01F526-E498-40A6-BA08-AECA1D58BEE9}"
EndProject
Global
	GlobalSection(SolutionConfigurationPlatforms) = preSolution
		Debug|Any CPU = Debug|Any CPU
		Release|Any CPU = Release|Any CPU
	EndGlobalSection
	GlobalSection(ProjectConfigurationPlatforms) = postSolution
		{9E01F526-E498-40A6-BA08-AECA1D58BEE9}.Debug|Any CPU.ActiveCfg = Debug|Any CPU
		{9E01F526-E498-40A6-BA08-AECA1D58BEE9}.Debug|Any CPU.Build.0 = Debug|Any CPU
		{9E01F526-E498-40A6-BA08-AECA1D58BEE9}.Release|Any CPU.ActiveCfg = Release|Any CPU
		{9E01F526-E498-40A6-BA08-AECA1D58BEE9}.Release|Any CPU.Build.0 = Release|Any CPU
	EndGlobalSection
	GlobalSection(SolutionProperties) = preSolution
		HideSolutionNode = FALSE
	EndGlobalSection
	GlobalSection(ExtensibilityGlobals) = postSolution
		SolutionGuid = {27363407-2F18-4457-BF46-5DE12363E89E}
	EndGlobalSection
EndGlobal
